{
  "name": "xal-node",
  "version": "1.1.6-beta2",
  "lockfileVersion": 2,
  "requires": true,
  "packages": {
    "": {
      "name": "xal-node",
      "version": "1.1.6-beta2",
      "license": "MIT",
      "dependencies": {
        "commander": "^15.0.0",
        "jose": "^6.2.3",
        "uuid": "^14.0.0"
      },
      "bin": {
        "xbox-auth": "dist/bin/auth.js"
      },
      "devDependencies": {
        "@types/node": "^25.9.2",
        "typescript": "^5.2.2"
      }
    },
    "node_modules/@types/node": {
      "version": "25.9.2",
      "resolved": "https://registry.npmjs.org/@types/node/-/node-25.9.2.tgz",
      "integrity": "sha512-G05zqtJhcDLb8uslf5EjCxXg9G1KQxiV8OS0R26IC//Eoyitzqe8z37I7cqvnZlrlSfgocQRfSn/AHBZJJFyGw==",
      "dev": true,
      "dependencies": {
        "undici-types": ">=7.24.0 <7.24.7"
      }
    },
    "node_modules/commander": {
      "version": "15.0.0",
      "resolved": "https://registry.npmjs.org/commander/-/commander-15.0.0.tgz",
      "integrity": "sha512-z67u4ZhzCL/Tydu1lJARtEZYWbWaN7oYLHbsuzocr6y4N6WZAagG3RQ4FW61V1/0+jImpj293XfrcYnd1qxtPg==",
      "engines": {
        "node": ">=22.12.0"
      }
    },
    "node_modules/jose": {
      "version": "6.2.3",
      "resolved": "https://registry.npmjs.org/jose/-/jose-6.2.3.tgz",
      "integrity": "sha512-YYVDInQKFJfR/xa3ojUTl8c2KoTwiL1R5Wg9YCydwH0x0B9grbzlg5HC7mMjCtUJjbQ/YnGEZIhI5tCgfTb4Hw==",
      "funding": {
        "url": "https://github.com/sponsors/panva"
      }
    },
    "node_modules/typescript": {
      "version": "5.9.3",
      "resolved": "https://registry.npmjs.org/typescript/-/typescript-5.9.3.tgz",
      "integrity": "sha512-jl1vZzPDinLr9eUt3J/t7V6FgNEw9QjvBPdysz9KfQDD41fQrC2Y4vKQdiaUpFT4bXlb1RHhLpp8wtm6M5TgSw==",
      "dev": true,
      "bin": {
        "tsc": "bin/tsc",
        "tsserver": "bin/tsserver"
      },
      "engines": {
        "node": ">=14.17"
      }
    },
    "node_modules/undici-types": {
      "version": "7.24.6",
      "resolved": "https://registry.npmjs.org/undici-types/-/undici-types-7.24.6.tgz",
      "integrity": "sha512-WRNW+sJgj5OBN4/0JpHFqtqzhpbnV0GuB+OozA9gCL7a993SmU+1JBZCzLNxYsbMfIeDL+lTsphD5jN5N+n0zg==",
      "dev": true
    },
    "node_modules/uuid": {
      "version": "14.0.0",
      "resolved": "https://registry.npmjs.org/uuid/-/uuid-14.0.0.tgz",
      "integrity": "sha512-Qo+uWgilfSmAhXCMav1uYFynlQO7fMFiMVZsQqZRMIXp0O7rR7qjkj+cPvBHLgBqi960QCoo/PH2/6ZtVqKvrg==",
      "funding": [
        "https://github.com/sponsors/broofa",
        "https://github.com/sponsors/ctavan"
      ],
      "license": "MIT",
      "bin": {
        "uuid": "dist-node/bin/uuid"
      }
    }
  },
  "dependencies": {
    "@types/node": {
      "version": "25.9.2",
      "resolved": "https://registry.npmjs.org/@types/node/-/node-25.9.2.tgz",
      "integrity": "sha512-G05zqtJhcDLb8uslf5EjCxXg9G1KQxiV8OS0R26IC//Eoyitzqe8z37I7cqvnZlrlSfgocQRfSn/AHBZJJFyGw==",
      "dev": true,
      "requires": {
        "undici-types": ">=7.24.0 <7.24.7"
      }
    },
    "commander": {
      "version": "15.0.0",
      "resolved": "https://registry.npmjs.org/commander/-/commander-15.0.0.tgz",
      "integrity": "sha512-z67u4ZhzCL/Tydu1lJARtEZYWbWaN7oYLHbsuzocr6y4N6WZAagG3RQ4FW61V1/0+jImpj293XfrcYnd1qxtPg=="
    },
    "jose": {
      "version": "6.2.3",
      "resolved": "https://registry.npmjs.org/jose/-/jose-6.2.3.tgz",
      "integrity": "sha512-YYVDInQKFJfR/xa3ojUTl8c2KoTwiL1R5Wg9YCydwH0x0B9grbzlg5HC7mMjCtUJjbQ/YnGEZIhI5tCgfTb4Hw=="
    },
    "typescript": {
      "version": "5.9.3",
      "resolved": "https://registry.npmjs.org/typescript/-/typescript-5.9.3.tgz",
      "integrity": "sha512-jl1vZzPDinLr9eUt3J/t7V6FgNEw9QjvBPdysz9KfQDD41fQrC2Y4vKQdiaUpFT4bXlb1RHhLpp8wtm6M5TgSw==",
      "dev": true
    },
    "undici-types": {
      "version": "7.24.6",
      "resolved": "https://registry.npmjs.org/undici-types/-/undici-types-7.24.6.tgz",
      "integrity": "sha512-WRNW+sJgj5OBN4/0JpHFqtqzhpbnV0GuB+OozA9gCL7a993SmU+1JBZCzLNxYsbMfIeDL+lTsphD5jN5N+n0zg==",
      "dev": true
    },
    "uuid": {
      "version": "14.0.0",
      "resolved": "https://registry.npmjs.org/uuid/-/uuid-14.0.0.tgz",
      "integrity": "sha512-Qo+uWgilfSmAhXCMav1uYFynlQO7fMFiMVZsQqZRMIXp0O7rR7qjkj+cPvBHLgBqi960QCoo/PH2/6ZtVqKvrg=="
    }
  }
}
